// !$*UTF8*$!
{
	archiveVersion = 1;
	classes = {
	};
	objectVersion = 46;
	objects = {

/* Begin PBXBuildFile section */
		E007C7EA1A7784EC00FA954A /* RevMobAds.framework in Frameworks */ = {isa = PBXBuildFile; fileRef = E007C7E91A7784EC00FA954A /* RevMobAds.framework */; };
		E007C7ED1A77852900FA954A /* RevmobBanner.h in Sources */ = {isa = PBXBuildFile; fileRef = E007C7EB1A77852900FA954A /* RevmobBanner.h */; };
		E007C7EE1A77852900FA954A /* RevmobBanner.m in Sources */ = {isa = PBXBuildFile; fileRef = E007C7EC1A77852900FA954A /* RevmobBanner.m */; };
		E012408319BBE642002C94C4 /* IMBanner.h in Headers */ = {isa = PBXBuildFile; fileRef = E012407719BBE642002C94C4 /* IMBanner.h */; };
		E012408419BBE642002C94C4 /* IMBannerDelegate.h in Headers */ = {isa = PBXBuildFile; fileRef = E012407819BBE642002C94C4 /* IMBannerDelegate.h */; };
		E012408519BBE642002C94C4 /* IMConstants.h in Headers */ = {isa = PBXBuildFile; fileRef = E012407919BBE642002C94C4 /* IMConstants.h */; };
		E012408619BBE642002C94C4 /* IMError.h in Headers */ = {isa = PBXBuildFile; fileRef = E012407A19BBE642002C94C4 /* IMError.h */; };
		E012408719BBE642002C94C4 /* IMIncentivisedDelegate.h in Headers */ = {isa = PBXBuildFile; fileRef = E012407B19BBE642002C94C4 /* IMIncentivisedDelegate.h */; };
		E012408819BBE642002C94C4 /* IMInterstitial.h in Headers */ = {isa = PBXBuildFile; fileRef = E012407C19BBE642002C94C4 /* IMInterstitial.h */; };
		E012408919BBE642002C94C4 /* IMInterstitialDelegate.h in Headers */ = {isa = PBXBuildFile; fileRef = E012407D19BBE642002C94C4 /* IMInterstitialDelegate.h */; };
		E012408A19BBE642002C94C4 /* IMNative.h in Headers */ = {isa = PBXBuildFile; fileRef = E012407E19BBE642002C94C4 /* IMNative.h */; };
		E012408B19BBE642002C94C4 /* IMNativeDelegate.h in Headers */ = {isa = PBXBuildFile; fileRef = E012407F19BBE642002C94C4 /* IMNativeDelegate.h */; };
		E012408C19BBE642002C94C4 /* InMobi.h in Headers */ = {isa = PBXBuildFile; fileRef = E012408019BBE642002C94C4 /* InMobi.h */; };
		E012408D19BBE642002C94C4 /* InMobiAnalytics.h in Headers */ = {isa = PBXBuildFile; fileRef = E012408119BBE642002C94C4 /* InMobiAnalytics.h */; };
		E012409119BBE6FC002C94C4 /* InMobiBannerAdapter.h in Headers */ = {isa = PBXBuildFile; fileRef = E012408F19BBE6FC002C94C4 /* InMobiBannerAdapter.h */; };
		E012409219BBE6FC002C94C4 /* InMobiBannerAdapter.m in Sources */ = {isa = PBXBuildFile; fileRef = E012409019BBE6FC002C94C4 /* InMobiBannerAdapter.m */; };
		E012409519BC2A97002C94C4 /* MMBannerAdapter.h in Headers */ = {isa = PBXBuildFile; fileRef = E012409319BC2A97002C94C4 /* MMBannerAdapter.h */; };
		E012409619BC2A97002C94C4 /* MMBannerAdapter.m in Sources */ = {isa = PBXBuildFile; fileRef = E012409419BC2A97002C94C4 /* MMBannerAdapter.m */; };
		E012409819BC2C81002C94C4 /* EventKit.framework in Frameworks */ = {isa = PBXBuildFile; fileRef = E012409719BC2C81002C94C4 /* EventKit.framework */; };
		E012409A19BC2C8F002C94C4 /* MediaPlayer.framework in Frameworks */ = {isa = PBXBuildFile; fileRef = E012409919BC2C8F002C94C4 /* MediaPlayer.framework */; };
		E012409C19BC2CA2002C94C4 /* PassKit.framework in Frameworks */ = {isa = PBXBuildFile; fileRef = E012409B19BC2CA2002C94C4 /* PassKit.framework */; };
		E012409E19BC2CBC002C94C4 /* StoreKit.framework in Frameworks */ = {isa = PBXBuildFile; fileRef = E012409D19BC2CBC002C94C4 /* StoreKit.framework */; };
		E01240A119BC3CE1002C94C4 /* AmazonInterstitialAdapter.h in Headers */ = {isa = PBXBuildFile; fileRef = E012409F19BC3CE1002C94C4 /* AmazonInterstitialAdapter.h */; };
		E01240A219BC3CE1002C94C4 /* AmazonInterstitialAdapter.m in Sources */ = {isa = PBXBuildFile; fileRef = E01240A019BC3CE1002C94C4 /* AmazonInterstitialAdapter.m */; };
		E01240A519BC45EF002C94C4 /* MMInterstitialAdapter.h in Headers */ = {isa = PBXBuildFile; fileRef = E01240A319BC45EF002C94C4 /* MMInterstitialAdapter.h */; };
		E01240A619BC45EF002C94C4 /* MMInterstitialAdapter.m in Sources */ = {isa = PBXBuildFile; fileRef = E01240A419BC45EF002C94C4 /* MMInterstitialAdapter.m */; };
		E01240A919BDAE82002C94C4 /* InMobiInterstitialAdapter.h in Headers */ = {isa = PBXBuildFile; fileRef = E01240A719BDAE82002C94C4 /* InMobiInterstitialAdapter.h */; };
		E01240AA19BDAE82002C94C4 /* InMobiInterstitialAdapter.m in Sources */ = {isa = PBXBuildFile; fileRef = E01240A819BDAE82002C94C4 /* InMobiInterstitialAdapter.m */; };
		E0848B8419AC318800FB4930 /* Foundation.framework in Frameworks */ = {isa = PBXBuildFile; fileRef = E0848B8319AC318800FB4930 /* Foundation.framework */; };
		E0848B8619AC318800FB4930 /* CoreFoundation.framework in Frameworks */ = {isa = PBXBuildFile; fileRef = E0848B8519AC318800FB4930 /* CoreFoundation.framework */; };
		E0848B8819AC318800FB4930 /* UIKit.framework in Frameworks */ = {isa = PBXBuildFile; fileRef = E0848B8719AC318800FB4930 /* UIKit.framework */; };
		E0848B8A19AC318800FB4930 /* MobileCoreServices.framework in Frameworks */ = {isa = PBXBuildFile; fileRef = E0848B8919AC318800FB4930 /* MobileCoreServices.framework */; };
		E0848B8C19AC318800FB4930 /* CoreGraphics.framework in Frameworks */ = {isa = PBXBuildFile; fileRef = E0848B8B19AC318800FB4930 /* CoreGraphics.framework */; };
		E0848B8E19AC318800FB4930 /* SystemConfiguration.framework in Frameworks */ = {isa = PBXBuildFile; fileRef = E0848B8D19AC318800FB4930 /* SystemConfiguration.framework */; };
		E0848B9019AC318800FB4930 /* AudioToolbox.framework in Frameworks */ = {isa = PBXBuildFile; fileRef = E0848B8F19AC318800FB4930 /* AudioToolbox.framework */; };
		E0848B9219AC318800FB4930 /* CFNetwork.framework in Frameworks */ = {isa = PBXBuildFile; fileRef = E0848B9119AC318800FB4930 /* CFNetwork.framework */; };
		E0848B9419AC318800FB4930 /* QuartzCore.framework in Frameworks */ = {isa = PBXBuildFile; fileRef = E0848B9319AC318800FB4930 /* QuartzCore.framework */; };
		E0848B9619AC318800FB4930 /* OpenGLES.framework in Frameworks */ = {isa = PBXBuildFile; fileRef = E0848B9519AC318800FB4930 /* OpenGLES.framework */; };
		E0848B9819AC318800FB4930 /* CoreLocation.framework in Frameworks */ = {isa = PBXBuildFile; fileRef = E0848B9719AC318800FB4930 /* CoreLocation.framework */; };
		E0848B9A19AC318800FB4930 /* CoreMedia.framework in Frameworks */ = {isa = PBXBuildFile; fileRef = E0848B9919AC318800FB4930 /* CoreMedia.framework */; };
		E0848B9C19AC318800FB4930 /* CoreVideo.framework in Frameworks */ = {isa = PBXBuildFile; fileRef = E0848B9B19AC318800FB4930 /* CoreVideo.framework */; };
		E0848B9E19AC318800FB4930 /* AVFoundation.framework in Frameworks */ = {isa = PBXBuildFile; fileRef = E0848B9D19AC318800FB4930 /* AVFoundation.framework */; };
		E0848BA019AC318800FB4930 /* Security.framework in Frameworks */ = {isa = PBXBuildFile; fileRef = E0848B9F19AC318800FB4930 /* Security.framework */; };
		E0848BB019AC318800FB4930 /* Advertising.m in Sources */ = {isa = PBXBuildFile; fileRef = E0848BAF19AC318800FB4930 /* Advertising.m */; };
		E0848BC319AC324A00FB4930 /* AdManager.h in Headers */ = {isa = PBXBuildFile; fileRef = E0848BC119AC324A00FB4930 /* AdManager.h */; };
		E0848BC419AC324A00FB4930 /* AdManager.m in Sources */ = {isa = PBXBuildFile; fileRef = E0848BC219AC324A00FB4930 /* AdManager.m */; };
		E0BCEBD719E5443E00975F97 /* BackFillBannerAdapter.h in Headers */ = {isa = PBXBuildFile; fileRef = E0BCEBD519E5443E00975F97 /* BackFillBannerAdapter.h */; };
		E0BCEBD819E5443E00975F97 /* BackFillBannerAdapter.m in Sources */ = {isa = PBXBuildFile; fileRef = E0BCEBD619E5443E00975F97 /* BackFillBannerAdapter.m */; };
		E0BF36D119E7B5A4004FBCD0 /* BackFillInterstitialAdapter.m in Sources */ = {isa = PBXBuildFile; fileRef = E0BF36CF19E7B5A4004FBCD0 /* BackFillInterstitialAdapter.m */; };
		E0E2AD6919AF79530097D303 /* AmazonAd.framework in Frameworks */ = {isa = PBXBuildFile; fileRef = E0E2AD5419AF79530097D303 /* AmazonAd.framework */; };
		E0E2AD6A19AF79530097D303 /* AmazonInsightsSDK.framework in Frameworks */ = {isa = PBXBuildFile; fileRef = E0E2AD5519AF79530097D303 /* AmazonInsightsSDK.framework */; };
		E0E2AD7719AF79530097D303 /* libGoogleAdMobAds.a in Frameworks */ = {isa = PBXBuildFile; fileRef = E0E2AD6319AF79530097D303 /* libGoogleAdMobAds.a */; };
		E0E2AD7819AF79530097D303 /* MillennialMedia.framework in Frameworks */ = {isa = PBXBuildFile; fileRef = E0E2AD6619AF79530097D303 /* MillennialMedia.framework */; };
		E0E2AD7919AF79540097D303 /* SpeechKit.framework in Frameworks */ = {isa = PBXBuildFile; fileRef = E0E2AD6819AF79530097D303 /* SpeechKit.framework */; };
		E0E2AD7E19B0484B0097D303 /* AbstractAdAdapter.m in Sources */ = {isa = PBXBuildFile; fileRef = E0E2AD7C19B0484B0097D303 /* AbstractAdAdapter.m */; };
		E0E2AD8619B04A410097D303 /* AdmobBannerAdapter.m in Sources */ = {isa = PBXBuildFile; fileRef = E0E2AD8419B04A410097D303 /* AdmobBannerAdapter.m */; };
		E0E2AD8A19B0913B0097D303 /* AmazonBannerAdapter.m in Sources */ = {isa = PBXBuildFile; fileRef = E0E2AD8819B0913B0097D303 /* AmazonBannerAdapter.m */; };
		E0E2AD8E19B1D9260097D303 /* IAdBannerAdapter.m in Sources */ = {isa = PBXBuildFile; fileRef = E0E2AD8C19B1D9260097D303 /* IAdBannerAdapter.m */; };
		E0E2AD9119B208D80097D303 /* AdSupport.framework in Frameworks */ = {isa = PBXBuildFile; fileRef = E0E2AD8F19B208D70097D303 /* AdSupport.framework */; };
		E0E2AD9219B208D80097D303 /* iAd.framework in Frameworks */ = {isa = PBXBuildFile; fileRef = E0E2AD9019B208D80097D303 /* iAd.framework */; };
		E0E2AD9619B20B6E0097D303 /* IAdInterstitialAdapter.m in Sources */ = {isa = PBXBuildFile; fileRef = E0E2AD9419B20B6E0097D303 /* IAdInterstitialAdapter.m */; };
		E0E2AD9A19B2C29B0097D303 /* AdmobInterstitialAdapter.m in Sources */ = {isa = PBXBuildFile; fileRef = E0E2AD9819B2C29B0097D303 /* AdmobInterstitialAdapter.m */; };
		E0FDFFD61A1857B80016570D /* libInMobi-4.5.1.a in Frameworks */ = {isa = PBXBuildFile; fileRef = E0FDFFD51A1857B80016570D /* libInMobi-4.5.1.a */; };
/* End PBXBuildFile section */

/* Begin PBXFileReference section */
		E007C7E91A7784EC00FA954A /* RevMobAds.framework */ = {isa = PBXFileReference; lastKnownFileType = wrapper.framework; path = RevMobAds.framework; sourceTree = "<group>"; };
		E007C7EB1A77852900FA954A /* RevmobBanner.h */ = {isa = PBXFileReference; fileEncoding = 4; lastKnownFileType = sourcecode.objj.h; name = RevmobBanner.h; path = adapter/RevmobBanner.h; sourceTree = "<group>"; };
		E007C7EC1A77852900FA954A /* RevmobBanner.m */ = {isa = PBXFileReference; fileEncoding = 4; lastKnownFileType = sourcecode.c.objc; name = RevmobBanner.m; path = adapter/RevmobBanner.m; sourceTree = "<group>"; };
		E012407719BBE642002C94C4 /* IMBanner.h */ = {isa = PBXFileReference; fileEncoding = 4; lastKnownFileType = sourcecode.c.h; path = IMBanner.h; sourceTree = "<group>"; };
		E012407819BBE642002C94C4 /* IMBannerDelegate.h */ = {isa = PBXFileReference; fileEncoding = 4; lastKnownFileType = sourcecode.c.h; path = IMBannerDelegate.h; sourceTree = "<group>"; };
		E012407919BBE642002C94C4 /* IMConstants.h */ = {isa = PBXFileReference; fileEncoding = 4; lastKnownFileType = sourcecode.c.h; path = IMConstants.h; sourceTree = "<group>"; };
		E012407A19BBE642002C94C4 /* IMError.h */ = {isa = PBXFileReference; fileEncoding = 4; lastKnownFileType = sourcecode.c.h; path = IMError.h; sourceTree = "<group>"; };
		E012407B19BBE642002C94C4 /* IMIncentivisedDelegate.h */ = {isa = PBXFileReference; fileEncoding = 4; lastKnownFileType = sourcecode.c.h; path = IMIncentivisedDelegate.h; sourceTree = "<group>"; };
		E012407C19BBE642002C94C4 /* IMInterstitial.h */ = {isa = PBXFileReference; fileEncoding = 4; lastKnownFileType = sourcecode.c.h; path = IMInterstitial.h; sourceTree = "<group>"; };
		E012407D19BBE642002C94C4 /* IMInterstitialDelegate.h */ = {isa = PBXFileReference; fileEncoding = 4; lastKnownFileType = sourcecode.c.h; path = IMInterstitialDelegate.h; sourceTree = "<group>"; };
		E012407E19BBE642002C94C4 /* IMNative.h */ = {isa = PBXFileReference; fileEncoding = 4; lastKnownFileType = sourcecode.c.h; path = IMNative.h; sourceTree = "<group>"; };
		E012407F19BBE642002C94C4 /* IMNativeDelegate.h */ = {isa = PBXFileReference; fileEncoding = 4; lastKnownFileType = sourcecode.c.h; path = IMNativeDelegate.h; sourceTree = "<group>"; };
		E012408019BBE642002C94C4 /* InMobi.h */ = {isa = PBXFileReference; fileEncoding = 4; lastKnownFileType = sourcecode.c.h; path = InMobi.h; sourceTree = "<group>"; };
		E012408119BBE642002C94C4 /* InMobiAnalytics.h */ = {isa = PBXFileReference; fileEncoding = 4; lastKnownFileType = sourcecode.c.h; path = InMobiAnalytics.h; sourceTree = "<group>"; };
		E012408F19BBE6FC002C94C4 /* InMobiBannerAdapter.h */ = {isa = PBXFileReference; fileEncoding = 4; lastKnownFileType = sourcecode.c.h; name = InMobiBannerAdapter.h; path = adapter/InMobiBannerAdapter.h; sourceTree = "<group>"; };
		E012409019BBE6FC002C94C4 /* InMobiBannerAdapter.m */ = {isa = PBXFileReference; fileEncoding = 4; lastKnownFileType = sourcecode.c.objc; name = InMobiBannerAdapter.m; path = adapter/InMobiBannerAdapter.m; sourceTree = "<group>"; };
		E012409319BC2A97002C94C4 /* MMBannerAdapter.h */ = {isa = PBXFileReference; fileEncoding = 4; lastKnownFileType = sourcecode.c.h; name = MMBannerAdapter.h; path = adapter/MMBannerAdapter.h; sourceTree = "<group>"; };
		E012409419BC2A97002C94C4 /* MMBannerAdapter.m */ = {isa = PBXFileReference; fileEncoding = 4; lastKnownFileType = sourcecode.c.objc; name = MMBannerAdapter.m; path = adapter/MMBannerAdapter.m; sourceTree = "<group>"; };
		E012409719BC2C81002C94C4 /* EventKit.framework */ = {isa = PBXFileReference; lastKnownFileType = wrapper.framework; name = EventKit.framework; path = System/Library/Frameworks/EventKit.framework; sourceTree = SDKROOT; };
		E012409919BC2C8F002C94C4 /* MediaPlayer.framework */ = {isa = PBXFileReference; lastKnownFileType = wrapper.framework; name = MediaPlayer.framework; path = System/Library/Frameworks/MediaPlayer.framework; sourceTree = SDKROOT; };
		E012409B19BC2CA2002C94C4 /* PassKit.framework */ = {isa = PBXFileReference; lastKnownFileType = wrapper.framework; name = PassKit.framework; path = System/Library/Frameworks/PassKit.framework; sourceTree = SDKROOT; };
		E012409D19BC2CBC002C94C4 /* StoreKit.framework */ = {isa = PBXFileReference; lastKnownFileType = wrapper.framework; name = StoreKit.framework; path = System/Library/Frameworks/StoreKit.framework; sourceTree = SDKROOT; };
		E012409F19BC3CE1002C94C4 /* AmazonInterstitialAdapter.h */ = {isa = PBXFileReference; fileEncoding = 4; lastKnownFileType = sourcecode.c.h; name = AmazonInterstitialAdapter.h; path = adapter/AmazonInterstitialAdapter.h; sourceTree = "<group>"; };
		E01240A019BC3CE1002C94C4 /* AmazonInterstitialAdapter.m */ = {isa = PBXFileReference; fileEncoding = 4; lastKnownFileType = sourcecode.c.objc; name = AmazonInterstitialAdapter.m; path = adapter/AmazonInterstitialAdapter.m; sourceTree = "<group>"; };
		E01240A319BC45EF002C94C4 /* MMInterstitialAdapter.h */ = {isa = PBXFileReference; fileEncoding = 4; lastKnownFileType = sourcecode.c.h; name = MMInterstitialAdapter.h; path = adapter/MMInterstitialAdapter.h; sourceTree = "<group>"; };
		E01240A419BC45EF002C94C4 /* MMInterstitialAdapter.m */ = {isa = PBXFileReference; fileEncoding = 4; lastKnownFileType = sourcecode.c.objc; name = MMInterstitialAdapter.m; path = adapter/MMInterstitialAdapter.m; sourceTree = "<group>"; };
		E01240A719BDAE82002C94C4 /* InMobiInterstitialAdapter.h */ = {isa = PBXFileReference; fileEncoding = 4; lastKnownFileType = sourcecode.c.h; name = InMobiInterstitialAdapter.h; path = adapter/InMobiInterstitialAdapter.h; sourceTree = "<group>"; };
		E01240A819BDAE82002C94C4 /* InMobiInterstitialAdapter.m */ = {isa = PBXFileReference; fileEncoding = 4; lastKnownFileType = sourcecode.c.objc; name = InMobiInterstitialAdapter.m; path = adapter/InMobiInterstitialAdapter.m; sourceTree = "<group>"; };
		E0848B8019AC318800FB4930 /* libAdvertising.a */ = {isa = PBXFileReference; explicitFileType = archive.ar; includeInIndex = 0; path = libAdvertising.a; sourceTree = BUILT_PRODUCTS_DIR; };
		E0848B8319AC318800FB4930 /* Foundation.framework */ = {isa = PBXFileReference; lastKnownFileType = wrapper.framework; name = Foundation.framework; path = System/Library/Frameworks/Foundation.framework; sourceTree = SDKROOT; };
		E0848B8519AC318800FB4930 /* CoreFoundation.framework */ = {isa = PBXFileReference; lastKnownFileType = wrapper.framework; name = CoreFoundation.framework; path = System/Library/Frameworks/CoreFoundation.framework; sourceTree = SDKROOT; };
		E0848B8719AC318800FB4930 /* UIKit.framework */ = {isa = PBXFileReference; lastKnownFileType = wrapper.framework; name = UIKit.framework; path = System/Library/Frameworks/UIKit.framework; sourceTree = SDKROOT; };
		E0848B8919AC318800FB4930 /* MobileCoreServices.framework */ = {isa = PBXFileReference; lastKnownFileType = wrapper.framework; name = MobileCoreServices.framework; path = System/Library/Frameworks/MobileCoreServices.framework; sourceTree = SDKROOT; };
		E0848B8B19AC318800FB4930 /* CoreGraphics.framework */ = {isa = PBXFileReference; lastKnownFileType = wrapper.framework; name = CoreGraphics.framework; path = System/Library/Frameworks/CoreGraphics.framework; sourceTree = SDKROOT; };
		E0848B8D19AC318800FB4930 /* SystemConfiguration.framework */ = {isa = PBXFileReference; lastKnownFileType = wrapper.framework; name = SystemConfiguration.framework; path = System/Library/Frameworks/SystemConfiguration.framework; sourceTree = SDKROOT; };
		E0848B8F19AC318800FB4930 /* AudioToolbox.framework */ = {isa = PBXFileReference; lastKnownFileType = wrapper.framework; name = AudioToolbox.framework; path = System/Library/Frameworks/AudioToolbox.framework; sourceTree = SDKROOT; };
		E0848B9119AC318800FB4930 /* CFNetwork.framework */ = {isa = PBXFileReference; lastKnownFileType = wrapper.framework; name = CFNetwork.framework; path = System/Library/Frameworks/CFNetwork.framework; sourceTree = SDKROOT; };
		E0848B9319AC318800FB4930 /* QuartzCore.framework */ = {isa = PBXFileReference; lastKnownFileType = wrapper.framework; name = QuartzCore.framework; path = System/Library/Frameworks/QuartzCore.framework; sourceTree = SDKROOT; };
		E0848B9519AC318800FB4930 /* OpenGLES.framework */ = {isa = PBXFileReference; lastKnownFileType = wrapper.framework; name = OpenGLES.framework; path = System/Library/Frameworks/OpenGLES.framework; sourceTree = SDKROOT; };
		E0848B9719AC318800FB4930 /* CoreLocation.framework */ = {isa = PBXFileReference; lastKnownFileType = wrapper.framework; name = CoreLocation.framework; path = System/Library/Frameworks/CoreLocation.framework; sourceTree = SDKROOT; };
		E0848B9919AC318800FB4930 /* CoreMedia.framework */ = {isa = PBXFileReference; lastKnownFileType = wrapper.framework; name = CoreMedia.framework; path = System/Library/Frameworks/CoreMedia.framework; sourceTree = SDKROOT; };
		E0848B9B19AC318800FB4930 /* CoreVideo.framework */ = {isa = PBXFileReference; lastKnownFileType = wrapper.framework; name = CoreVideo.framework; path = System/Library/Frameworks/CoreVideo.framework; sourceTree = SDKROOT; };
		E0848B9D19AC318800FB4930 /* AVFoundation.framework */ = {isa = PBXFileReference; lastKnownFileType = wrapper.framework; name = AVFoundation.framework; path = System/Library/Frameworks/AVFoundation.framework; sourceTree = SDKROOT; };
		E0848B9F19AC318800FB4930 /* Security.framework */ = {isa = PBXFileReference; lastKnownFileType = wrapper.framework; name = Security.framework; path = System/Library/Frameworks/Security.framework; sourceTree = SDKROOT; };
		E0848BAD19AC318800FB4930 /* Advertising-Prefix.pch */ = {isa = PBXFileReference; lastKnownFileType = sourcecode.c.h; path = "Advertising-Prefix.pch"; sourceTree = "<group>"; };
		E0848BAE19AC318800FB4930 /* Advertising.h */ = {isa = PBXFileReference; lastKnownFileType = sourcecode.c.h; path = Advertising.h; sourceTree = "<group>"; };
		E0848BAF19AC318800FB4930 /* Advertising.m */ = {isa = PBXFileReference; lastKnownFileType = sourcecode.c.objc; path = Advertising.m; sourceTree = "<group>"; };
		E0848BB119AC318800FB4930 /* extension.xml */ = {isa = PBXFileReference; lastKnownFileType = text.xml; path = extension.xml; sourceTree = "<group>"; };
		E0848BB219AC318800FB4930 /* platformoptions.xml */ = {isa = PBXFileReference; lastKnownFileType = text.xml; path = platformoptions.xml; sourceTree = "<group>"; };
		E0848BB319AC318800FB4930 /* generateANE.sh */ = {isa = PBXFileReference; lastKnownFileType = text.script.sh; path = generateANE.sh; sourceTree = "<group>"; };
		E0848BB419AC318800FB4930 /* debugIPA.sh */ = {isa = PBXFileReference; lastKnownFileType = text.script.sh; path = debugIPA.sh; sourceTree = "<group>"; };
		E0848BC119AC324A00FB4930 /* AdManager.h */ = {isa = PBXFileReference; fileEncoding = 4; lastKnownFileType = sourcecode.c.h; path = AdManager.h; sourceTree = "<group>"; };
		E0848BC219AC324A00FB4930 /* AdManager.m */ = {isa = PBXFileReference; fileEncoding = 4; lastKnownFileType = sourcecode.c.objc; path = AdManager.m; sourceTree = "<group>"; };
		E0BCEBD519E5443E00975F97 /* BackFillBannerAdapter.h */ = {isa = PBXFileReference; fileEncoding = 4; lastKnownFileType = sourcecode.c.h; name = BackFillBannerAdapter.h; path = adapter/BackFillBannerAdapter.h; sourceTree = "<group>"; };
		E0BCEBD619E5443E00975F97 /* BackFillBannerAdapter.m */ = {isa = PBXFileReference; fileEncoding = 4; lastKnownFileType = sourcecode.c.objc; name = BackFillBannerAdapter.m; path = adapter/BackFillBannerAdapter.m; sourceTree = "<group>"; };
		E0BF36CE19E7B5A4004FBCD0 /* BackFillInterstitialAdapter.h */ = {isa = PBXFileReference; fileEncoding = 4; lastKnownFileType = sourcecode.objj.h; name = BackFillInterstitialAdapter.h; path = adapter/BackFillInterstitialAdapter.h; sourceTree = "<group>"; };
		E0BF36CF19E7B5A4004FBCD0 /* BackFillInterstitialAdapter.m */ = {isa = PBXFileReference; fileEncoding = 4; lastKnownFileType = sourcecode.c.objc; name = BackFillInterstitialAdapter.m; path = adapter/BackFillInterstitialAdapter.m; sourceTree = "<group>"; };
		E0BF36D219E8D53B004FBCD0 /* close_button.png */ = {isa = PBXFileReference; lastKnownFileType = image.png; path = close_button.png; sourceTree = "<group>"; };
		E0BF36D319E8D53B004FBCD0 /* close_button@2x.png */ = {isa = PBXFileReference; lastKnownFileType = image.png; path = "close_button@2x.png"; sourceTree = "<group>"; };
		E0E2AD5419AF79530097D303 /* AmazonAd.framework */ = {isa = PBXFileReference; lastKnownFileType = wrapper.framework; path = AmazonAd.framework; sourceTree = "<group>"; };
		E0E2AD5519AF79530097D303 /* AmazonInsightsSDK.framework */ = {isa = PBXFileReference; lastKnownFileType = wrapper.framework; path = AmazonInsightsSDK.framework; sourceTree = "<group>"; };
		E0E2AD5719AF79530097D303 /* GADAdMobExtras.h */ = {isa = PBXFileReference; fileEncoding = 4; lastKnownFileType = sourcecode.objj.h; path = GADAdMobExtras.h; sourceTree = "<group>"; };
		E0E2AD5819AF79530097D303 /* GADAdNetworkExtras.h */ = {isa = PBXFileReference; fileEncoding = 4; lastKnownFileType = sourcecode.objj.h; path = GADAdNetworkExtras.h; sourceTree = "<group>"; };
		E0E2AD5919AF79530097D303 /* GADAdSize.h */ = {isa = PBXFileReference; fileEncoding = 4; lastKnownFileType = sourcecode.objj.h; path = GADAdSize.h; sourceTree = "<group>"; };
		E0E2AD5A19AF79530097D303 /* GADBannerView.h */ = {isa = PBXFileReference; fileEncoding = 4; lastKnownFileType = sourcecode.objj.h; path = GADBannerView.h; sourceTree = "<group>"; };
		E0E2AD5B19AF79530097D303 /* GADBannerViewDelegate.h */ = {isa = PBXFileReference; fileEncoding = 4; lastKnownFileType = sourcecode.objj.h; path = GADBannerViewDelegate.h; sourceTree = "<group>"; };
		E0E2AD5C19AF79530097D303 /* GADInAppPurchase.h */ = {isa = PBXFileReference; fileEncoding = 4; lastKnownFileType = sourcecode.objj.h; path = GADInAppPurchase.h; sourceTree = "<group>"; };
		E0E2AD5D19AF79530097D303 /* GADInAppPurchaseDelegate.h */ = {isa = PBXFileReference; fileEncoding = 4; lastKnownFileType = sourcecode.objj.h; path = GADInAppPurchaseDelegate.h; sourceTree = "<group>"; };
		E0E2AD5E19AF79530097D303 /* GADInterstitial.h */ = {isa = PBXFileReference; fileEncoding = 4; lastKnownFileType = sourcecode.objj.h; path = GADInterstitial.h; sourceTree = "<group>"; };
		E0E2AD5F19AF79530097D303 /* GADInterstitialDelegate.h */ = {isa = PBXFileReference; fileEncoding = 4; lastKnownFileType = sourcecode.objj.h; path = GADInterstitialDelegate.h; sourceTree = "<group>"; };
		E0E2AD6019AF79530097D303 /* GADModules.h */ = {isa = PBXFileReference; fileEncoding = 4; lastKnownFileType = sourcecode.objj.h; path = GADModules.h; sourceTree = "<group>"; };
		E0E2AD6119AF79530097D303 /* GADRequest.h */ = {isa = PBXFileReference; fileEncoding = 4; lastKnownFileType = sourcecode.objj.h; path = GADRequest.h; sourceTree = "<group>"; };
		E0E2AD6219AF79530097D303 /* GADRequestError.h */ = {isa = PBXFileReference; fileEncoding = 4; lastKnownFileType = sourcecode.objj.h; path = GADRequestError.h; sourceTree = "<group>"; };
		E0E2AD6319AF79530097D303 /* libGoogleAdMobAds.a */ = {isa = PBXFileReference; lastKnownFileType = archive.ar; path = libGoogleAdMobAds.a; sourceTree = "<group>"; };
		E0E2AD6419AF79530097D303 /* README.md */ = {isa = PBXFileReference; fileEncoding = 4; lastKnownFileType = text; path = README.md; sourceTree = "<group>"; };
		E0E2AD6619AF79530097D303 /* MillennialMedia.framework */ = {isa = PBXFileReference; lastKnownFileType = wrapper.framework; path = MillennialMedia.framework; sourceTree = "<group>"; };
		E0E2AD6719AF79530097D303 /* README.md */ = {isa = PBXFileReference; fileEncoding = 4; lastKnownFileType = text; path = README.md; sourceTree = "<group>"; };
		E0E2AD6819AF79530097D303 /* SpeechKit.framework */ = {isa = PBXFileReference; lastKnownFileType = wrapper.framework; path = SpeechKit.framework; sourceTree = "<group>"; };
		E0E2AD7B19B0484B0097D303 /* AbstractAdAdapter.h */ = {isa = PBXFileReference; fileEncoding = 4; lastKnownFileType = sourcecode.objj.h; path = AbstractAdAdapter.h; sourceTree = "<group>"; };
		E0E2AD7C19B0484B0097D303 /* AbstractAdAdapter.m */ = {isa = PBXFileReference; fileEncoding = 4; lastKnownFileType = sourcecode.c.objc; path = AbstractAdAdapter.m; sourceTree = "<group>"; };
		E0E2AD8319B04A410097D303 /* AdmobBannerAdapter.h */ = {isa = PBXFileReference; fileEncoding = 4; lastKnownFileType = sourcecode.objj.h; name = AdmobBannerAdapter.h; path = adapter/AdmobBannerAdapter.h; sourceTree = "<group>"; };
		E0E2AD8419B04A410097D303 /* AdmobBannerAdapter.m */ = {isa = PBXFileReference; fileEncoding = 4; lastKnownFileType = sourcecode.c.objc; name = AdmobBannerAdapter.m; path = adapter/AdmobBannerAdapter.m; sourceTree = "<group>"; };
		E0E2AD8719B0913B0097D303 /* AmazonBannerAdapter.h */ = {isa = PBXFileReference; fileEncoding = 4; lastKnownFileType = sourcecode.objj.h; name = AmazonBannerAdapter.h; path = adapter/AmazonBannerAdapter.h; sourceTree = "<group>"; };
		E0E2AD8819B0913B0097D303 /* AmazonBannerAdapter.m */ = {isa = PBXFileReference; fileEncoding = 4; lastKnownFileType = sourcecode.c.objc; name = AmazonBannerAdapter.m; path = adapter/AmazonBannerAdapter.m; sourceTree = "<group>"; };
		E0E2AD8B19B1D9260097D303 /* IAdBannerAdapter.h */ = {isa = PBXFileReference; fileEncoding = 4; lastKnownFileType = sourcecode.objj.h; name = IAdBannerAdapter.h; path = adapter/IAdBannerAdapter.h; sourceTree = "<group>"; };
		E0E2AD8C19B1D9260097D303 /* IAdBannerAdapter.m */ = {isa = PBXFileReference; fileEncoding = 4; lastKnownFileType = sourcecode.c.objc; name = IAdBannerAdapter.m; path = adapter/IAdBannerAdapter.m; sourceTree = "<group>"; };
		E0E2AD8F19B208D70097D303 /* AdSupport.framework */ = {isa = PBXFileReference; lastKnownFileType = wrapper.framework; name = AdSupport.framework; path = System/Library/Frameworks/AdSupport.framework; sourceTree = SDKROOT; };
		E0E2AD9019B208D80097D303 /* iAd.framework */ = {isa = PBXFileReference; lastKnownFileType = wrapper.framework; name = iAd.framework; path = System/Library/Frameworks/iAd.framework; sourceTree = SDKROOT; };
		E0E2AD9319B20B6E0097D303 /* IAdInterstitialAdapter.h */ = {isa = PBXFileReference; fileEncoding = 4; lastKnownFileType = sourcecode.objj.h; name = IAdInterstitialAdapter.h; path = adapter/IAdInterstitialAdapter.h; sourceTree = "<group>"; };
		E0E2AD9419B20B6E0097D303 /* IAdInterstitialAdapter.m */ = {isa = PBXFileReference; fileEncoding = 4; lastKnownFileType = sourcecode.c.objc; name = IAdInterstitialAdapter.m; path = adapter/IAdInterstitialAdapter.m; sourceTree = "<group>"; };
		E0E2AD9719B2C29B0097D303 /* AdmobInterstitialAdapter.h */ = {isa = PBXFileReference; fileEncoding = 4; lastKnownFileType = sourcecode.objj.h; name = AdmobInterstitialAdapter.h; path = adapter/AdmobInterstitialAdapter.h; sourceTree = "<group>"; };
		E0E2AD9819B2C29B0097D303 /* AdmobInterstitialAdapter.m */ = {isa = PBXFileReference; fileEncoding = 4; lastKnownFileType = sourcecode.c.objc; name = AdmobInterstitialAdapter.m; path = adapter/AdmobInterstitialAdapter.m; sourceTree = "<group>"; };
		E0FDFFD51A1857B80016570D /* libInMobi-4.5.1.a */ = {isa = PBXFileReference; lastKnownFileType = archive.ar; path = "libInMobi-4.5.1.a"; sourceTree = "<group>"; };
/* End PBXFileReference section */

/* Begin PBXFrameworksBuildPhase section */
		E0848B7D19AC318800FB4930 /* Frameworks */ = {
			isa = PBXFrameworksBuildPhase;
			buildActionMask = 2147483647;
			files = (
				E012409E19BC2CBC002C94C4 /* StoreKit.framework in Frameworks */,
				E012409C19BC2CA2002C94C4 /* PassKit.framework in Frameworks */,
				E012409A19BC2C8F002C94C4 /* MediaPlayer.framework in Frameworks */,
				E0FDFFD61A1857B80016570D /* libInMobi-4.5.1.a in Frameworks */,
				E012409819BC2C81002C94C4 /* EventKit.framework in Frameworks */,
				E0848B9819AC318800FB4930 /* CoreLocation.framework in Frameworks */,
				E0E2AD9119B208D80097D303 /* AdSupport.framework in Frameworks */,
				E0E2AD9219B208D80097D303 /* iAd.framework in Frameworks */,
				E0848B9A19AC318800FB4930 /* CoreMedia.framework in Frameworks */,
				E0848BA019AC318800FB4930 /* Security.framework in Frameworks */,
				E0848B8619AC318800FB4930 /* CoreFoundation.framework in Frameworks */,
				E0848B8A19AC318800FB4930 /* MobileCoreServices.framework in Frameworks */,
				E0E2AD6A19AF79530097D303 /* AmazonInsightsSDK.framework in Frameworks */,
				E0848B9C19AC318800FB4930 /* CoreVideo.framework in Frameworks */,
				E0848B9219AC318800FB4930 /* CFNetwork.framework in Frameworks */,
				E0848B8819AC318800FB4930 /* UIKit.framework in Frameworks */,
				E0848B8C19AC318800FB4930 /* CoreGraphics.framework in Frameworks */,
				E0E2AD6919AF79530097D303 /* AmazonAd.framework in Frameworks */,
				E0E2AD7919AF79540097D303 /* SpeechKit.framework in Frameworks */,
				E0E2AD7719AF79530097D303 /* libGoogleAdMobAds.a in Frameworks */,
				E0848B9619AC318800FB4930 /* OpenGLES.framework in Frameworks */,
				E0848B9019AC318800FB4930 /* AudioToolbox.framework in Frameworks */,
				E007C7EA1A7784EC00FA954A /* RevMobAds.framework in Frameworks */,
				E0848B8E19AC318800FB4930 /* SystemConfiguration.framework in Frameworks */,
				E0848B8419AC318800FB4930 /* Foundation.framework in Frameworks */,
				E0848B9E19AC318800FB4930 /* AVFoundation.framework in Frameworks */,
				E0E2AD7819AF79530097D303 /* MillennialMedia.framework in Frameworks */,
				E0848B9419AC318800FB4930 /* QuartzCore.framework in Frameworks */,
			);
			runOnlyForDeploymentPostprocessing = 0;
		};
/* End PBXFrameworksBuildPhase section */

/* Begin PBXGroup section */
		E007C7E81A7784EC00FA954A /* RevMob */ = {
			isa = PBXGroup;
			children = (
				E007C7E91A7784EC00FA954A /* RevMobAds.framework */,
			);
			path = RevMob;
			sourceTree = "<group>";
		};
		E012407619BBE642002C94C4 /* InMobi */ = {
			isa = PBXGroup;
			children = (
				E0FDFFD51A1857B80016570D /* libInMobi-4.5.1.a */,
				E012407719BBE642002C94C4 /* IMBanner.h */,
				E012407819BBE642002C94C4 /* IMBannerDelegate.h */,
				E012407919BBE642002C94C4 /* IMConstants.h */,
				E012407A19BBE642002C94C4 /* IMError.h */,
				E012407B19BBE642002C94C4 /* IMIncentivisedDelegate.h */,
				E012407C19BBE642002C94C4 /* IMInterstitial.h */,
				E012407D19BBE642002C94C4 /* IMInterstitialDelegate.h */,
				E012407E19BBE642002C94C4 /* IMNative.h */,
				E012407F19BBE642002C94C4 /* IMNativeDelegate.h */,
				E012408019BBE642002C94C4 /* InMobi.h */,
				E012408119BBE642002C94C4 /* InMobiAnalytics.h */,
			);
			path = InMobi;
			sourceTree = "<group>";
		};
		E0848B7719AC318800FB4930 = {
			isa = PBXGroup;
			children = (
				E0E2AD5219AF79530097D303 /* AdNetworkSupport */,
				E0848BAB19AC318800FB4930 /* Advertising */,
				E0848B8219AC318800FB4930 /* Frameworks */,
				E0848B8119AC318800FB4930 /* Products */,
			);
			sourceTree = "<group>";
		};
		E0848B8119AC318800FB4930 /* Products */ = {
			isa = PBXGroup;
			children = (
				E0848B8019AC318800FB4930 /* libAdvertising.a */,
			);
			name = Products;
			sourceTree = "<group>";
		};
		E0848B8219AC318800FB4930 /* Frameworks */ = {
			isa = PBXGroup;
			children = (
				E012409D19BC2CBC002C94C4 /* StoreKit.framework */,
				E012409B19BC2CA2002C94C4 /* PassKit.framework */,
				E012409919BC2C8F002C94C4 /* MediaPlayer.framework */,
				E012409719BC2C81002C94C4 /* EventKit.framework */,
				E0E2AD8F19B208D70097D303 /* AdSupport.framework */,
				E0E2AD9019B208D80097D303 /* iAd.framework */,
				E0848B8319AC318800FB4930 /* Foundation.framework */,
				E0848B8519AC318800FB4930 /* CoreFoundation.framework */,
				E0848B8719AC318800FB4930 /* UIKit.framework */,
				E0848B8919AC318800FB4930 /* MobileCoreServices.framework */,
				E0848B8B19AC318800FB4930 /* CoreGraphics.framework */,
				E0848B8D19AC318800FB4930 /* SystemConfiguration.framework */,
				E0848B8F19AC318800FB4930 /* AudioToolbox.framework */,
				E0848B9119AC318800FB4930 /* CFNetwork.framework */,
				E0848B9319AC318800FB4930 /* QuartzCore.framework */,
				E0848B9519AC318800FB4930 /* OpenGLES.framework */,
				E0848B9719AC318800FB4930 /* CoreLocation.framework */,
				E0848B9919AC318800FB4930 /* CoreMedia.framework */,
				E0848B9B19AC318800FB4930 /* CoreVideo.framework */,
				E0848B9D19AC318800FB4930 /* AVFoundation.framework */,
				E0848B9F19AC318800FB4930 /* Security.framework */,
			);
			name = Frameworks;
			sourceTree = "<group>";
		};
		E0848BAB19AC318800FB4930 /* Advertising */ = {
			isa = PBXGroup;
			children = (
				E0BF36D219E8D53B004FBCD0 /* close_button.png */,
				E0BF36D319E8D53B004FBCD0 /* close_button@2x.png */,
				E0E2AD7A19B0480E0097D303 /* adapter */,
				E0848BC019AC324A00FB4930 /* core */,
				E0848BAE19AC318800FB4930 /* Advertising.h */,
				E0848BAF19AC318800FB4930 /* Advertising.m */,
				E0848BAC19AC318800FB4930 /* Supporting Files */,
			);
			path = Advertising;
			sourceTree = "<group>";
		};
		E0848BAC19AC318800FB4930 /* Supporting Files */ = {
			isa = PBXGroup;
			children = (
				E0848BAD19AC318800FB4930 /* Advertising-Prefix.pch */,
				E0848BB119AC318800FB4930 /* extension.xml */,
				E0848BB219AC318800FB4930 /* platformoptions.xml */,
				E0848BB319AC318800FB4930 /* generateANE.sh */,
				E0848BB419AC318800FB4930 /* debugIPA.sh */,
			);
			name = "Supporting Files";
			sourceTree = "<group>";
		};
		E0848BC019AC324A00FB4930 /* core */ = {
			isa = PBXGroup;
			children = (
				E0848BC119AC324A00FB4930 /* AdManager.h */,
				E0848BC219AC324A00FB4930 /* AdManager.m */,
				E0E2AD7B19B0484B0097D303 /* AbstractAdAdapter.h */,
				E0E2AD7C19B0484B0097D303 /* AbstractAdAdapter.m */,
			);
			path = core;
			sourceTree = "<group>";
		};
		E0E2AD5219AF79530097D303 /* AdNetworkSupport */ = {
			isa = PBXGroup;
			children = (
				E007C7E81A7784EC00FA954A /* RevMob */,
				E012407619BBE642002C94C4 /* InMobi */,
				E0E2AD5319AF79530097D303 /* Amazon */,
				E0E2AD5619AF79530097D303 /* Google */,
				E0E2AD6519AF79530097D303 /* Millennial */,
			);
			path = AdNetworkSupport;
			sourceTree = "<group>";
		};
		E0E2AD5319AF79530097D303 /* Amazon */ = {
			isa = PBXGroup;
			children = (
				E0E2AD5419AF79530097D303 /* AmazonAd.framework */,
				E0E2AD5519AF79530097D303 /* AmazonInsightsSDK.framework */,
			);
			path = Amazon;
			sourceTree = "<group>";
		};
		E0E2AD5619AF79530097D303 /* Google */ = {
			isa = PBXGroup;
			children = (
				E0E2AD5719AF79530097D303 /* GADAdMobExtras.h */,
				E0E2AD5819AF79530097D303 /* GADAdNetworkExtras.h */,
				E0E2AD5919AF79530097D303 /* GADAdSize.h */,
				E0E2AD5A19AF79530097D303 /* GADBannerView.h */,
				E0E2AD5B19AF79530097D303 /* GADBannerViewDelegate.h */,
				E0E2AD5C19AF79530097D303 /* GADInAppPurchase.h */,
				E0E2AD5D19AF79530097D303 /* GADInAppPurchaseDelegate.h */,
				E0E2AD5E19AF79530097D303 /* GADInterstitial.h */,
				E0E2AD5F19AF79530097D303 /* GADInterstitialDelegate.h */,
				E0E2AD6019AF79530097D303 /* GADModules.h */,
				E0E2AD6119AF79530097D303 /* GADRequest.h */,
				E0E2AD6219AF79530097D303 /* GADRequestError.h */,
				E0E2AD6319AF79530097D303 /* libGoogleAdMobAds.a */,
				E0E2AD6419AF79530097D303 /* README.md */,
			);
			path = Google;
			sourceTree = "<group>";
		};
		E0E2AD6519AF79530097D303 /* Millennial */ = {
			isa = PBXGroup;
			children = (
				E0E2AD6619AF79530097D303 /* MillennialMedia.framework */,
				E0E2AD6719AF79530097D303 /* README.md */,
				E0E2AD6819AF79530097D303 /* SpeechKit.framework */,
			);
			path = Millennial;
			sourceTree = "<group>";
		};
		E0E2AD7A19B0480E0097D303 /* adapter */ = {
			isa = PBXGroup;
			children = (
				E0E2AD8319B04A410097D303 /* AdmobBannerAdapter.h */,
				E0E2AD8419B04A410097D303 /* AdmobBannerAdapter.m */,
				E0E2AD9719B2C29B0097D303 /* AdmobInterstitialAdapter.h */,
				E0E2AD9819B2C29B0097D303 /* AdmobInterstitialAdapter.m */,
				E0E2AD8719B0913B0097D303 /* AmazonBannerAdapter.h */,
				E0E2AD8819B0913B0097D303 /* AmazonBannerAdapter.m */,
				E012409F19BC3CE1002C94C4 /* AmazonInterstitialAdapter.h */,
				E01240A019BC3CE1002C94C4 /* AmazonInterstitialAdapter.m */,
				E0E2AD8B19B1D9260097D303 /* IAdBannerAdapter.h */,
				E0E2AD8C19B1D9260097D303 /* IAdBannerAdapter.m */,
				E0E2AD9319B20B6E0097D303 /* IAdInterstitialAdapter.h */,
				E0E2AD9419B20B6E0097D303 /* IAdInterstitialAdapter.m */,
				E012408F19BBE6FC002C94C4 /* InMobiBannerAdapter.h */,
				E012409019BBE6FC002C94C4 /* InMobiBannerAdapter.m */,
				E01240A719BDAE82002C94C4 /* InMobiInterstitialAdapter.h */,
				E01240A819BDAE82002C94C4 /* InMobiInterstitialAdapter.m */,
				E012409319BC2A97002C94C4 /* MMBannerAdapter.h */,
				E012409419BC2A97002C94C4 /* MMBannerAdapter.m */,
				E01240A319BC45EF002C94C4 /* MMInterstitialAdapter.h */,
				E01240A419BC45EF002C94C4 /* MMInterstitialAdapter.m */,
				E0BCEBD519E5443E00975F97 /* BackFillBannerAdapter.h */,
				E0BCEBD619E5443E00975F97 /* BackFillBannerAdapter.m */,
				E0BF36CE19E7B5A4004FBCD0 /* BackFillInterstitialAdapter.h */,
				E0BF36CF19E7B5A4004FBCD0 /* BackFillInterstitialAdapter.m */,
				E007C7EB1A77852900FA954A /* RevmobBanner.h */,
				E007C7EC1A77852900FA954A /* RevmobBanner.m */,
			);
			name = adapter;
			sourceTree = "<group>";
		};
/* End PBXGroup section */

/* Begin PBXHeadersBuildPhase section */
		E0848B7E19AC318800FB4930 /* Headers */ = {
			isa = PBXHeadersBuildPhase;
			buildActionMask = 2147483647;
			files = (
				E012408419BBE642002C94C4 /* IMBannerDelegate.h in Headers */,
				E012408319BBE642002C94C4 /* IMBanner.h in Headers */,
				E012408A19BBE642002C94C4 /* IMNative.h in Headers */,
				E012408719BBE642002C94C4 /* IMIncentivisedDelegate.h in Headers */,
				E01240A519BC45EF002C94C4 /* MMInterstitialAdapter.h in Headers */,
				E012408919BBE642002C94C4 /* IMInterstitialDelegate.h in Headers */,
				E012408519BBE642002C94C4 /* IMConstants.h in Headers */,
				E012408C19BBE642002C94C4 /* InMobi.h in Headers */,
				E012408B19BBE642002C94C4 /* IMNativeDelegate.h in Headers */,
				E0848BC319AC324A00FB4930 /* AdManager.h in Headers */,
				E012408D19BBE642002C94C4 /* InMobiAnalytics.h in Headers */,
				E012409519BC2A97002C94C4 /* MMBannerAdapter.h in Headers */,
				E01240A919BDAE82002C94C4 /* InMobiInterstitialAdapter.h in Headers */,
				E012409119BBE6FC002C94C4 /* InMobiBannerAdapter.h in Headers */,
				E0BCEBD719E5443E00975F97 /* BackFillBannerAdapter.h in Headers */,
				E012408619BBE642002C94C4 /* IMError.h in Headers */,
				E012408819BBE642002C94C4 /* IMInterstitial.h in Headers */,
				E01240A119BC3CE1002C94C4 /* AmazonInterstitialAdapter.h in Headers */,
			);
			runOnlyForDeploymentPostprocessing = 0;
		};
/* End PBXHeadersBuildPhase section */

/* Begin PBXNativeTarget section */
		E0848B7F19AC318800FB4930 /* Advertising */ = {
			isa = PBXNativeTarget;
			buildConfigurationList = E0848BB719AC318800FB4930 /* Build configuration list for PBXNativeTarget "Advertising" */;
			buildPhases = (
				E0848B7C19AC318800FB4930 /* Sources */,
				E0848B7D19AC318800FB4930 /* Frameworks */,
				E0848B7E19AC318800FB4930 /* Headers */,
			);
			buildRules = (
			);
			dependencies = (
			);
			name = Advertising;
			productName = Advertising;
			productReference = E0848B8019AC318800FB4930 /* libAdvertising.a */;
			productType = "com.apple.product-type.library.static";
		};
/* End PBXNativeTarget section */

/* Begin PBXProject section */
		E0848B7819AC318800FB4930 /* Project object */ = {
			isa = PBXProject;
			attributes = {
				LastUpgradeCheck = 0600;
			};
			buildConfigurationList = E0848B7B19AC318800FB4930 /* Build configuration list for PBXProject "Advertising" */;
			compatibilityVersion = "Xcode 3.2";
			developmentRegion = English;
			hasScannedForEncodings = 0;
			knownRegions = (
				en,
			);
			mainGroup = E0848B7719AC318800FB4930;
			productRefGroup = E0848B8119AC318800FB4930 /* Products */;
			projectDirPath = "";
			projectRoot = "";
			targets = (
				E0848B7F19AC318800FB4930 /* Advertising */,
			);
		};
/* End PBXProject section */

/* Begin PBXSourcesBuildPhase section */
		E0848B7C19AC318800FB4930 /* Sources */ = {
			isa = PBXSourcesBuildPhase;
			buildActionMask = 2147483647;
			files = (
				E0E2AD9A19B2C29B0097D303 /* AdmobInterstitialAdapter.m in Sources */,
				E0BCEBD819E5443E00975F97 /* BackFillBannerAdapter.m in Sources */,
				E0E2AD7E19B0484B0097D303 /* AbstractAdAdapter.m in Sources */,
				E0E2AD8E19B1D9260097D303 /* IAdBannerAdapter.m in Sources */,
				E0E2AD8619B04A410097D303 /* AdmobBannerAdapter.m in Sources */,
				E007C7ED1A77852900FA954A /* RevmobBanner.h in Sources */,
				E012409219BBE6FC002C94C4 /* InMobiBannerAdapter.m in Sources */,
				E007C7EE1A77852900FA954A /* RevmobBanner.m in Sources */,
				E01240A619BC45EF002C94C4 /* MMInterstitialAdapter.m in Sources */,
				E012409619BC2A97002C94C4 /* MMBannerAdapter.m in Sources */,
				E0E2AD8A19B0913B0097D303 /* AmazonBannerAdapter.m in Sources */,
				E01240AA19BDAE82002C94C4 /* InMobiInterstitialAdapter.m in Sources */,
				E0848BC419AC324A00FB4930 /* AdManager.m in Sources */,
				E0E2AD9619B20B6E0097D303 /* IAdInterstitialAdapter.m in Sources */,
				E0BF36D119E7B5A4004FBCD0 /* BackFillInterstitialAdapter.m in Sources */,
				E01240A219BC3CE1002C94C4 /* AmazonInterstitialAdapter.m in Sources */,
				E0848BB019AC318800FB4930 /* Advertising.m in Sources */,
			);
			runOnlyForDeploymentPostprocessing = 0;
		};
/* End PBXSourcesBuildPhase section */

/* Begin XCBuildConfiguration section */
		E0848BB519AC318800FB4930 /* Debug */ = {
			isa = XCBuildConfiguration;
			buildSettings = {
				ALWAYS_SEARCH_USER_PATHS = NO;
				CLANG_ENABLE_OBJC_ARC = NO;
				"CODE_SIGN_IDENTITY[sdk=iphoneos*]" = "iPhone Developer";
				COPY_PHASE_STRIP = NO;
				GCC_C_LANGUAGE_STANDARD = gnu99;
				GCC_DYNAMIC_NO_PIC = NO;
				GCC_ENABLE_CPP_EXCEPTIONS = NO;
				GCC_ENABLE_OBJC_EXCEPTIONS = NO;
				GCC_OPTIMIZATION_LEVEL = 0;
				GCC_PREPROCESSOR_DEFINITIONS = (
					"DEBUG=1",
					"$(inherited)",
				);
				GCC_SYMBOLS_PRIVATE_EXTERN = NO;
				GCC_VERSION = "";
				GCC_WARN_ABOUT_MISSING_PROTOTYPES = YES;
				GCC_WARN_ABOUT_RETURN_TYPE = YES;
				GCC_WARN_UNUSED_VARIABLE = YES;
				IPHONEOS_DEPLOYMENT_TARGET = 6.0;
				ONLY_ACTIVE_ARCH = YES;
				SDKROOT = iphoneos;
				USER_HEADER_SEARCH_PATHS = "$(SRCROOT)/** /Users/tsangwailam/Documents/Digicrafts/libs/as3/AIRSDK_Compiler_14/include/";
			};
			name = Debug;
		};
		E0848BB619AC318800FB4930 /* Release */ = {
			isa = XCBuildConfiguration;
			buildSettings = {
				ALWAYS_SEARCH_USER_PATHS = NO;
				CLANG_ENABLE_OBJC_ARC = NO;
				"CODE_SIGN_IDENTITY[sdk=iphoneos*]" = "iPhone Developer";
				COPY_PHASE_STRIP = YES;
				GCC_C_LANGUAGE_STANDARD = gnu99;
				GCC_ENABLE_CPP_EXCEPTIONS = NO;
				GCC_ENABLE_OBJC_EXCEPTIONS = NO;
				GCC_VERSION = "";
				GCC_WARN_ABOUT_MISSING_PROTOTYPES = YES;
				GCC_WARN_ABOUT_RETURN_TYPE = YES;
				GCC_WARN_UNUSED_VARIABLE = YES;
				IPHONEOS_DEPLOYMENT_TARGET = 6.0;
				SDKROOT = iphoneos;
				USER_HEADER_SEARCH_PATHS = "$(SRCROOT)/** /Users/tsangwailam/Documents/Digicrafts/libs/as3/AIRSDK_Compiler_14/include/";
				VALIDATE_PRODUCT = YES;
			};
			name = Release;
		};
		E0848BB819AC318800FB4930 /* Debug */ = {
			isa = XCBuildConfiguration;
			buildSettings = {
				DSTROOT = /tmp/Advertising.dst;
				FRAMEWORK_SEARCH_PATHS = (
					"$(inherited)",
					"$(PROJECT_DIR)/AdNetworkSupport/Amazon",
					"$(PROJECT_DIR)/AdNetworkSupport/Millennial",
					"$(PROJECT_DIR)/AdNetworkSupport/RevMob",
				);
				GCC_PRECOMPILE_PREFIX_HEADER = YES;
				GCC_PREFIX_HEADER = "Advertising/Advertising-Prefix.pch";
				LIBRARY_SEARCH_PATHS = (
					"$(inherited)",
					"$(PROJECT_DIR)/AdNetworkSupport/Google",
					"$(PROJECT_DIR)/AdNetworkSupport/InMobi",
				);
				OTHER_LDFLAGS = "-ObjC";
				PRODUCT_NAME = "$(TARGET_NAME)";
				SKIP_INSTALL = YES;
			};
			name = Debug;
		};
		E0848BB919AC318800FB4930 /* Release */ = {
			isa = XCBuildConfiguration;
			buildSettings = {
				DSTROOT = /tmp/Advertising.dst;
				FRAMEWORK_SEARCH_PATHS = (
					"$(inherited)",
					"$(PROJECT_DIR)/AdNetworkSupport/Amazon",
					"$(PROJECT_DIR)/AdNetworkSupport/Millennial",
					"$(PROJECT_DIR)/AdNetworkSupport/RevMob",
				);
				GCC_PRECOMPILE_PREFIX_HEADER = YES;
				GCC_PREFIX_HEADER = "Advertising/Advertising-Prefix.pch";
				LIBRARY_SEARCH_PATHS = (
					"$(inherited)",
					"$(PROJECT_DIR)/AdNetworkSupport/Google",
					"$(PROJECT_DIR)/AdNetworkSupport/InMobi",
				);
				OTHER_LDFLAGS = "-ObjC";
				PRODUCT_NAME = "$(TARGET_NAME)";
				SKIP_INSTALL = YES;
			};
			name = Release;
		};
/* End XCBuildConfiguration section */

/* Begin XCConfigurationList section */
		E0848B7B19AC318800FB4930 /* Build configuration list for PBXProject "Advertising" */ = {
			isa = XCConfigurationList;
			buildConfigurations = (
				E0848BB519AC318800FB4930 /* Debug */,
				E0848BB619AC318800FB4930 /* Release */,
			);
			defaultConfigurationIsVisible = 0;
			defaultConfigurationName = Release;
		};
		E0848BB719AC318800FB4930 /* Build configuration list for PBXNativeTarget "Advertising" */ = {
			isa = XCConfigurationList;
			buildConfigurations = (
				E0848BB819AC318800FB4930 /* Debug */,
				E0848BB919AC318800FB4930 /* Release */,
			);
			defaultConfigurationIsVisible = 0;
			defaultConfigurationName = Release;
		};
/* End XCConfigurationList section */
	};
	rootObject = E0848B7819AC318800FB4930 /* Project object */;
}
